
Microsoft Visual Studio Solution File, Format Version 12.00
# Visual Studio Version 17
VisualStudioVersion = 17.1.32210.238
MinimumVisualStudioVersion = 10.0.40219.1
Project("{FAE04EC0-301F-11D3-BF4B-00C04F79EFBC}") = "SI-zad-1", "SI-zad-1\SI-zad-1.csproj", "{CADD679D-9A09-4680-9D6D-3E67EDDDC191}"
EndProject
Global
	GlobalSection(SolutionConfigurationPlatforms) = preSolution
		Debug|Any CPU = Debug|Any CPU
		Release|Any CPU = Release|Any CPU
	EndGlobalSection
	GlobalSection(ProjectConfigurationPlatforms) = postSolution
		{CADD679D-9A09-4680-9D6D-3E67EDDDC191}.Debug|Any CPU.ActiveCfg = Debug|Any CPU
		{CADD679D-9A09-4680-9D6D-3E67EDDDC191}.Debug|Any CPU.Build.0 = Debug|Any CPU
		{CADD679D-9A09-4680-9D6D-3E67EDDDC191}.Release|Any CPU.ActiveCfg = Release|Any CPU
		{CADD679D-9A09-4680-9D6D-3E67EDDDC191}.Release|Any CPU.Build.0 = Release|Any CPU
	EndGlobalSection
	GlobalSection(SolutionProperties) = preSolution
		HideSolutionNode = FALSE
	EndGlobalSection
	GlobalSection(ExtensibilityGlobals) = postSolution
		SolutionGuid = {24647FC3-6DD7-4EDF-A26E-7221F2736D7B}
	EndGlobalSection
EndGlobal
